// !$*UTF8*$!
{
	archiveVersion = 1;
	classes = {
	};
	objectVersion = 51;
	objects = {

/* Begin PBXBuildFile section */
		494D789DD11D3FD2FA853B40 /* Pods_DeliveryApp.framework in Frameworks */ = {isa = PBXBuildFile; fileRef = 14C70C6BFB9CBB68A4ECEF95 /* Pods_DeliveryApp.framework */; };
		6122967A22DC3C1700BCB1E9 /* DeliveryListViewControllerTest.swift in Sources */ = {isa = PBXBuildFile; fileRef = 6122967922DC3C1700BCB1E9 /* DeliveryListViewControllerTest.swift */; };
		6122967C22DC3C4E00BCB1E9 /* DeliveryDetailViewControllerTest.swift in Sources */ = {isa = PBXBuildFile; fileRef = 6122967B22DC3C4E00BCB1E9 /* DeliveryDetailViewControllerTest.swift */; };
		6122967E22DC3D1700BCB1E9 /* DeliveryListViewModelTest.swift in Sources */ = {isa = PBXBuildFile; fileRef = 6122967D22DC3D1700BCB1E9 /* DeliveryListViewModelTest.swift */; };
		6122968022DC3D2D00BCB1E9 /* DeliveryViewModelTest.swift in Sources */ = {isa = PBXBuildFile; fileRef = 6122967F22DC3D2D00BCB1E9 /* DeliveryViewModelTest.swift */; };
		6122968222DC3DBC00BCB1E9 /* DatabaseManagerTest.swift in Sources */ = {isa = PBXBuildFile; fileRef = 6122968122DC3DBC00BCB1E9 /* DatabaseManagerTest.swift */; };
		6122968422DC3DCD00BCB1E9 /* NetworkManagerTest.swift in Sources */ = {isa = PBXBuildFile; fileRef = 6122968322DC3DCD00BCB1E9 /* NetworkManagerTest.swift */; };
		6122968622DC599A00BCB1E9 /* UIMapViewExtension.swift in Sources */ = {isa = PBXBuildFile; fileRef = 6122968522DC599A00BCB1E9 /* UIMapViewExtension.swift */; };
		6122968822DC733600BCB1E9 /* MockCoreDataManager.swift in Sources */ = {isa = PBXBuildFile; fileRef = 6122968722DC733600BCB1E9 /* MockCoreDataManager.swift */; };
		6122968A22DC734C00BCB1E9 /* MockAPIServiceManager.swift in Sources */ = {isa = PBXBuildFile; fileRef = 6122968922DC734C00BCB1E9 /* MockAPIServiceManager.swift */; };
		6122968C22DCE93100BCB1E9 /* NotificationBanner.swift in Sources */ = {isa = PBXBuildFile; fileRef = 6122968B22DCE93100BCB1E9 /* NotificationBanner.swift */; };
		61625A7A22D9B48C0030658B /* APIService.swift in Sources */ = {isa = PBXBuildFile; fileRef = 61625A7922D9B48C0030658B /* APIService.swift */; };
		61625A7E22D9BAC30030658B /* Configuration.swift in Sources */ = {isa = PBXBuildFile; fileRef = 61625A7D22D9BAC30030658B /* Configuration.swift */; };
		61625A8022D9BFCF0030658B /* APIServiceManager.swift in Sources */ = {isa = PBXBuildFile; fileRef = 61625A7F22D9BFCF0030658B /* APIServiceManager.swift */; };
		61625A8422D9EFF30030658B /* CoreDataManager.swift in Sources */ = {isa = PBXBuildFile; fileRef = 61625A8322D9EFF30030658B /* CoreDataManager.swift */; };
		61625A9122DA35520030658B /* UIViewExtension.swift in Sources */ = {isa = PBXBuildFile; fileRef = 61625A9022DA35520030658B /* UIViewExtension.swift */; };
		61625A9522DA4A7C0030658B /* DeliveryItemView.swift in Sources */ = {isa = PBXBuildFile; fileRef = 61625A9422DA4A7C0030658B /* DeliveryItemView.swift */; };
		61625A9722DAFDFE0030658B /* AppNavigationController.swift in Sources */ = {isa = PBXBuildFile; fileRef = 61625A9622DAFDFE0030658B /* AppNavigationController.swift */; };
		61A0184D22D523E300403520 /* ErrorResponse.json in Resources */ = {isa = PBXBuildFile; fileRef = 61A0184B22D523E200403520 /* ErrorResponse.json */; };
		61A0184E22D523E300403520 /* SuccessResponse.json in Resources */ = {isa = PBXBuildFile; fileRef = 61A0184C22D523E300403520 /* SuccessResponse.json */; };
		61A0185522D5E42E00403520 /* DeliveryDetailViewController.swift in Sources */ = {isa = PBXBuildFile; fileRef = 61A0185422D5E42E00403520 /* DeliveryDetailViewController.swift */; };
		61A0185722D5E43700403520 /* DeliveryTableViewCell.swift in Sources */ = {isa = PBXBuildFile; fileRef = 61A0185622D5E43700403520 /* DeliveryTableViewCell.swift */; };
		61A0185922D5F10900403520 /* README.md in Resources */ = {isa = PBXBuildFile; fileRef = 61A0185822D5F10800403520 /* README.md */; };
		61C2B1BC22EB016200821023 /* DeliveryItem.swift in Sources */ = {isa = PBXBuildFile; fileRef = 61C2B1BA22EB016200821023 /* DeliveryItem.swift */; };
		61C2B1BD22EB016200821023 /* LocationItem.swift in Sources */ = {isa = PBXBuildFile; fileRef = 61C2B1BB22EB016200821023 /* LocationItem.swift */; };
		61C2B1BF22EB0E4D00821023 /* CodingUserInfoKeyExtension.swift in Sources */ = {isa = PBXBuildFile; fileRef = 61C2B1BE22EB0E4D00821023 /* CodingUserInfoKeyExtension.swift */; };
		61D1496D22D48D88001FB759 /* Localizable.strings in Resources */ = {isa = PBXBuildFile; fileRef = 61D1496F22D48D88001FB759 /* Localizable.strings */; };
		61F94B4722D45DB00069E7FE /* AppDelegate.swift in Sources */ = {isa = PBXBuildFile; fileRef = 61F94B4622D45DB00069E7FE /* AppDelegate.swift */; };
		61F94B4F22D45DB00069E7FE /* DeliveryApp.xcdatamodeld in Sources */ = {isa = PBXBuildFile; fileRef = 61F94B4D22D45DB00069E7FE /* DeliveryApp.xcdatamodeld */; };
		61F94B5122D45DB10069E7FE /* Assets.xcassets in Resources */ = {isa = PBXBuildFile; fileRef = 61F94B5022D45DB10069E7FE /* Assets.xcassets */; };
		61F94B5422D45DB10069E7FE /* LaunchScreen.storyboard in Resources */ = {isa = PBXBuildFile; fileRef = 61F94B5222D45DB10069E7FE /* LaunchScreen.storyboard */; };
		61F94B5F22D45DB10069E7FE /* DeliveryAppTests.swift in Sources */ = {isa = PBXBuildFile; fileRef = 61F94B5E22D45DB10069E7FE /* DeliveryAppTests.swift */; };
		61F94B7322D45E440069E7FE /* Constant.swift in Sources */ = {isa = PBXBuildFile; fileRef = 61F94B6F22D45E440069E7FE /* Constant.swift */; };
		61F94BFB22D465100069E7FE /* CoreDataStack.swift in Sources */ = {isa = PBXBuildFile; fileRef = 61F94BF922D465100069E7FE /* CoreDataStack.swift */; };
		61F94BFE22D4663E0069E7FE /* UIImageViewExtension.swift in Sources */ = {isa = PBXBuildFile; fileRef = 61F94BFC22D4663E0069E7FE /* UIImageViewExtension.swift */; };
		61F94C0522D466570069E7FE /* DeliveryListViewController.swift in Sources */ = {isa = PBXBuildFile; fileRef = 61F94C0222D466570069E7FE /* DeliveryListViewController.swift */; };
		61F94C0922D4666F0069E7FE /* DeliveryListViewModel.swift in Sources */ = {isa = PBXBuildFile; fileRef = 61F94C0722D4666F0069E7FE /* DeliveryListViewModel.swift */; };
		61F94C0A22D4666F0069E7FE /* DeliveryViewModel.swift in Sources */ = {isa = PBXBuildFile; fileRef = 61F94C0822D4666F0069E7FE /* DeliveryViewModel.swift */; };
		61F94C0C22D467D30069E7FE /* GoogleService-Info.plist in Resources */ = {isa = PBXBuildFile; fileRef = 61F94C0B22D467D30069E7FE /* GoogleService-Info.plist */; };
		9CFABE83AD9E90ADA5829A65 /* Pods_DeliveryAppTests.framework in Frameworks */ = {isa = PBXBuildFile; fileRef = 658D7DEE6E87195D0CFCB0E3 /* Pods_DeliveryAppTests.framework */; };
/* End PBXBuildFile section */

/* Begin PBXContainerItemProxy section */
		61F94B5B22D45DB10069E7FE /* PBXContainerItemProxy */ = {
			isa = PBXContainerItemProxy;
			containerPortal = 61F94B3B22D45DB00069E7FE /* Project object */;
			proxyType = 1;
			remoteGlobalIDString = 61F94B4222D45DB00069E7FE;
			remoteInfo = DeliveryApp;
		};
/* End PBXContainerItemProxy section */

/* Begin PBXFileReference section */
		14C70C6BFB9CBB68A4ECEF95 /* Pods_DeliveryApp.framework */ = {isa = PBXFileReference; explicitFileType = wrapper.framework; includeInIndex = 0; path = Pods_DeliveryApp.framework; sourceTree = BUILT_PRODUCTS_DIR; };
		6122967922DC3C1700BCB1E9 /* DeliveryListViewControllerTest.swift */ = {isa = PBXFileReference; lastKnownFileType = sourcecode.swift; path = DeliveryListViewControllerTest.swift; sourceTree = "<group>"; };
		6122967B22DC3C4E00BCB1E9 /* DeliveryDetailViewControllerTest.swift */ = {isa = PBXFileReference; lastKnownFileType = sourcecode.swift; path = DeliveryDetailViewControllerTest.swift; sourceTree = "<group>"; };
		6122967D22DC3D1700BCB1E9 /* DeliveryListViewModelTest.swift */ = {isa = PBXFileReference; lastKnownFileType = sourcecode.swift; path = DeliveryListViewModelTest.swift; sourceTree = "<group>"; };
		6122967F22DC3D2D00BCB1E9 /* DeliveryViewModelTest.swift */ = {isa = PBXFileReference; lastKnownFileType = sourcecode.swift; path = DeliveryViewModelTest.swift; sourceTree = "<group>"; };
		6122968122DC3DBC00BCB1E9 /* DatabaseManagerTest.swift */ = {isa = PBXFileReference; lastKnownFileType = sourcecode.swift; path = DatabaseManagerTest.swift; sourceTree = "<group>"; };
		6122968322DC3DCD00BCB1E9 /* NetworkManagerTest.swift */ = {isa = PBXFileReference; lastKnownFileType = sourcecode.swift; path = NetworkManagerTest.swift; sourceTree = "<group>"; };
		6122968522DC599A00BCB1E9 /* UIMapViewExtension.swift */ = {isa = PBXFileReference; lastKnownFileType = sourcecode.swift; path = UIMapViewExtension.swift; sourceTree = "<group>"; };
		6122968722DC733600BCB1E9 /* MockCoreDataManager.swift */ = {isa = PBXFileReference; lastKnownFileType = sourcecode.swift; path = MockCoreDataManager.swift; sourceTree = "<group>"; };
		6122968922DC734C00BCB1E9 /* MockAPIServiceManager.swift */ = {isa = PBXFileReference; lastKnownFileType = sourcecode.swift; path = MockAPIServiceManager.swift; sourceTree = "<group>"; };
		6122968B22DCE93100BCB1E9 /* NotificationBanner.swift */ = {isa = PBXFileReference; lastKnownFileType = sourcecode.swift; path = NotificationBanner.swift; sourceTree = "<group>"; };
		61625A7922D9B48C0030658B /* APIService.swift */ = {isa = PBXFileReference; lastKnownFileType = sourcecode.swift; path = APIService.swift; sourceTree = "<group>"; };
		61625A7D22D9BAC30030658B /* Configuration.swift */ = {isa = PBXFileReference; lastKnownFileType = sourcecode.swift; path = Configuration.swift; sourceTree = "<group>"; };
		61625A7F22D9BFCF0030658B /* APIServiceManager.swift */ = {isa = PBXFileReference; lastKnownFileType = sourcecode.swift; path = APIServiceManager.swift; sourceTree = "<group>"; };
		61625A8322D9EFF30030658B /* CoreDataManager.swift */ = {isa = PBXFileReference; lastKnownFileType = sourcecode.swift; path = CoreDataManager.swift; sourceTree = "<group>"; };
		61625A9022DA35520030658B /* UIViewExtension.swift */ = {isa = PBXFileReference; fileEncoding = 4; lastKnownFileType = sourcecode.swift; path = UIViewExtension.swift; sourceTree = "<group>"; };
		61625A9422DA4A7C0030658B /* DeliveryItemView.swift */ = {isa = PBXFileReference; fileEncoding = 4; lastKnownFileType = sourcecode.swift; path = DeliveryItemView.swift; sourceTree = "<group>"; };
		61625A9622DAFDFE0030658B /* AppNavigationController.swift */ = {isa = PBXFileReference; fileEncoding = 4; lastKnownFileType = sourcecode.swift; path = AppNavigationController.swift; sourceTree = "<group>"; };
		61A0184B22D523E200403520 /* ErrorResponse.json */ = {isa = PBXFileReference; fileEncoding = 4; lastKnownFileType = text.json; path = ErrorResponse.json; sourceTree = "<group>"; };
		61A0184C22D523E300403520 /* SuccessResponse.json */ = {isa = PBXFileReference; fileEncoding = 4; lastKnownFileType = text.json; path = SuccessResponse.json; sourceTree = "<group>"; };
		61A0185422D5E42E00403520 /* DeliveryDetailViewController.swift */ = {isa = PBXFileReference; fileEncoding = 4; lastKnownFileType = sourcecode.swift; path = DeliveryDetailViewController.swift; sourceTree = "<group>"; };
		61A0185622D5E43700403520 /* DeliveryTableViewCell.swift */ = {isa = PBXFileReference; fileEncoding = 4; lastKnownFileType = sourcecode.swift; path = DeliveryTableViewCell.swift; sourceTree = "<group>"; };
		61A0185822D5F10800403520 /* README.md */ = {isa = PBXFileReference; fileEncoding = 4; lastKnownFileType = net.daringfireball.markdown; path = README.md; sourceTree = "<group>"; };
		61C2B1BA22EB016200821023 /* DeliveryItem.swift */ = {isa = PBXFileReference; fileEncoding = 4; lastKnownFileType = sourcecode.swift; path = DeliveryItem.swift; sourceTree = "<group>"; };
		61C2B1BB22EB016200821023 /* LocationItem.swift */ = {isa = PBXFileReference; fileEncoding = 4; lastKnownFileType = sourcecode.swift; path = LocationItem.swift; sourceTree = "<group>"; };
		61C2B1BE22EB0E4D00821023 /* CodingUserInfoKeyExtension.swift */ = {isa = PBXFileReference; lastKnownFileType = sourcecode.swift; path = CodingUserInfoKeyExtension.swift; sourceTree = "<group>"; };
		61D1496E22D48D88001FB759 /* en */ = {isa = PBXFileReference; lastKnownFileType = text.plist.strings; name = en; path = en.lproj/Localizable.strings; sourceTree = "<group>"; };
		61F94B4322D45DB00069E7FE /* DeliveryApp.app */ = {isa = PBXFileReference; explicitFileType = wrapper.application; includeInIndex = 0; path = DeliveryApp.app; sourceTree = BUILT_PRODUCTS_DIR; };
		61F94B4622D45DB00069E7FE /* AppDelegate.swift */ = {isa = PBXFileReference; lastKnownFileType = sourcecode.swift; path = AppDelegate.swift; sourceTree = "<group>"; };
		61F94B4E22D45DB00069E7FE /* DeliveryApp.xcdatamodel */ = {isa = PBXFileReference; lastKnownFileType = wrapper.xcdatamodel; path = DeliveryApp.xcdatamodel; sourceTree = "<group>"; };
		61F94B5022D45DB10069E7FE /* Assets.xcassets */ = {isa = PBXFileReference; lastKnownFileType = folder.assetcatalog; path = Assets.xcassets; sourceTree = "<group>"; };
		61F94B5322D45DB10069E7FE /* Base */ = {isa = PBXFileReference; lastKnownFileType = file.storyboard; name = Base; path = Base.lproj/LaunchScreen.storyboard; sourceTree = "<group>"; };
		61F94B5522D45DB10069E7FE /* Info.plist */ = {isa = PBXFileReference; lastKnownFileType = text.plist.xml; path = Info.plist; sourceTree = "<group>"; };
		61F94B5A22D45DB10069E7FE /* DeliveryAppTests.xctest */ = {isa = PBXFileReference; explicitFileType = wrapper.cfbundle; includeInIndex = 0; path = DeliveryAppTests.xctest; sourceTree = BUILT_PRODUCTS_DIR; };
		61F94B5E22D45DB10069E7FE /* DeliveryAppTests.swift */ = {isa = PBXFileReference; lastKnownFileType = sourcecode.swift; path = DeliveryAppTests.swift; sourceTree = "<group>"; };
		61F94B6022D45DB10069E7FE /* Info.plist */ = {isa = PBXFileReference; lastKnownFileType = text.plist.xml; path = Info.plist; sourceTree = "<group>"; };
		61F94B6F22D45E440069E7FE /* Constant.swift */ = {isa = PBXFileReference; fileEncoding = 4; lastKnownFileType = sourcecode.swift; path = Constant.swift; sourceTree = "<group>"; };
		61F94BF922D465100069E7FE /* CoreDataStack.swift */ = {isa = PBXFileReference; fileEncoding = 4; lastKnownFileType = sourcecode.swift; path = CoreDataStack.swift; sourceTree = "<group>"; };
		61F94BFC22D4663E0069E7FE /* UIImageViewExtension.swift */ = {isa = PBXFileReference; fileEncoding = 4; lastKnownFileType = sourcecode.swift; path = UIImageViewExtension.swift; sourceTree = "<group>"; };
		61F94C0222D466570069E7FE /* DeliveryListViewController.swift */ = {isa = PBXFileReference; fileEncoding = 4; lastKnownFileType = sourcecode.swift; path = DeliveryListViewController.swift; sourceTree = "<group>"; };
		61F94C0722D4666F0069E7FE /* DeliveryListViewModel.swift */ = {isa = PBXFileReference; fileEncoding = 4; lastKnownFileType = sourcecode.swift; path = DeliveryListViewModel.swift; sourceTree = "<group>"; };
		61F94C0822D4666F0069E7FE /* DeliveryViewModel.swift */ = {isa = PBXFileReference; fileEncoding = 4; lastKnownFileType = sourcecode.swift; path = DeliveryViewModel.swift; sourceTree = "<group>"; };
		61F94C0B22D467D30069E7FE /* GoogleService-Info.plist */ = {isa = PBXFileReference; fileEncoding = 4; lastKnownFileType = text.plist.xml; path = "GoogleService-Info.plist"; sourceTree = "<group>"; };
		658D7DEE6E87195D0CFCB0E3 /* Pods_DeliveryAppTests.framework */ = {isa = PBXFileReference; explicitFileType = wrapper.framework; includeInIndex = 0; path = Pods_DeliveryAppTests.framework; sourceTree = BUILT_PRODUCTS_DIR; };
		C8E87A9A7B9F783D4BEFA37C /* Pods-DeliveryAppTests.release.xcconfig */ = {isa = PBXFileReference; includeInIndex = 1; lastKnownFileType = text.xcconfig; name = "Pods-DeliveryAppTests.release.xcconfig"; path = "Target Support Files/Pods-DeliveryAppTests/Pods-DeliveryAppTests.release.xcconfig"; sourceTree = "<group>"; };
		D1493BA4CBD108AC150DA4D2 /* Pods-DeliveryApp.debug.xcconfig */ = {isa = PBXFileReference; includeInIndex = 1; lastKnownFileType = text.xcconfig; name = "Pods-DeliveryApp.debug.xcconfig"; path = "Target Support Files/Pods-DeliveryApp/Pods-DeliveryApp.debug.xcconfig"; sourceTree = "<group>"; };
		D1B5D973B6A97B4B71692C92 /* Pods-DeliveryAppTests.debug.xcconfig */ = {isa = PBXFileReference; includeInIndex = 1; lastKnownFileType = text.xcconfig; name = "Pods-DeliveryAppTests.debug.xcconfig"; path = "Target Support Files/Pods-DeliveryAppTests/Pods-DeliveryAppTests.debug.xcconfig"; sourceTree = "<group>"; };
		DC5B1B6910C8FE88D721C60A /* Pods-DeliveryApp.release.xcconfig */ = {isa = PBXFileReference; includeInIndex = 1; lastKnownFileType = text.xcconfig; name = "Pods-DeliveryApp.release.xcconfig"; path = "Target Support Files/Pods-DeliveryApp/Pods-DeliveryApp.release.xcconfig"; sourceTree = "<group>"; };
/* End PBXFileReference section */

/* Begin PBXFrameworksBuildPhase section */
		61F94B4022D45DB00069E7FE /* Frameworks */ = {
			isa = PBXFrameworksBuildPhase;
			buildActionMask = 2147483647;
			files = (
				494D789DD11D3FD2FA853B40 /* Pods_DeliveryApp.framework in Frameworks */,
			);
			runOnlyForDeploymentPostprocessing = 0;
		};
		61F94B5722D45DB10069E7FE /* Frameworks */ = {
			isa = PBXFrameworksBuildPhase;
			buildActionMask = 2147483647;
			files = (
				9CFABE83AD9E90ADA5829A65 /* Pods_DeliveryAppTests.framework in Frameworks */,
			);
			runOnlyForDeploymentPostprocessing = 0;
		};
/* End PBXFrameworksBuildPhase section */

/* Begin PBXGroup section */
		586B1FB18F07DEBCB25D0C5F /* Frameworks */ = {
			isa = PBXGroup;
			children = (
				14C70C6BFB9CBB68A4ECEF95 /* Pods_DeliveryApp.framework */,
				658D7DEE6E87195D0CFCB0E3 /* Pods_DeliveryAppTests.framework */,
			);
			name = Frameworks;
			sourceTree = "<group>";
		};
		5AE707CD9EC50918FD59E97F /* Pods */ = {
			isa = PBXGroup;
			children = (
				D1493BA4CBD108AC150DA4D2 /* Pods-DeliveryApp.debug.xcconfig */,
				DC5B1B6910C8FE88D721C60A /* Pods-DeliveryApp.release.xcconfig */,
				D1B5D973B6A97B4B71692C92 /* Pods-DeliveryAppTests.debug.xcconfig */,
				C8E87A9A7B9F783D4BEFA37C /* Pods-DeliveryAppTests.release.xcconfig */,
			);
			path = Pods;
			sourceTree = "<group>";
		};
		6122967422DBA80900BCB1E9 /* Configuration */ = {
			isa = PBXGroup;
			children = (
				61F94B6022D45DB10069E7FE /* Info.plist */,
			);
			path = Configuration;
			sourceTree = "<group>";
		};
		6122967522DBA88E00BCB1E9 /* Resource */ = {
			isa = PBXGroup;
			children = (
				61A0184C22D523E300403520 /* SuccessResponse.json */,
				61A0184B22D523E200403520 /* ErrorResponse.json */,
			);
			path = Resource;
			sourceTree = "<group>";
		};
		6122967622DC36E300BCB1E9 /* ManagerTest */ = {
			isa = PBXGroup;
			children = (
				6122968122DC3DBC00BCB1E9 /* DatabaseManagerTest.swift */,
				6122968322DC3DCD00BCB1E9 /* NetworkManagerTest.swift */,
			);
			path = ManagerTest;
			sourceTree = "<group>";
		};
		6122967722DC36EE00BCB1E9 /* ViewModelTest */ = {
			isa = PBXGroup;
			children = (
				6122968722DC733600BCB1E9 /* MockCoreDataManager.swift */,
				6122968922DC734C00BCB1E9 /* MockAPIServiceManager.swift */,
				6122967D22DC3D1700BCB1E9 /* DeliveryListViewModelTest.swift */,
				6122967F22DC3D2D00BCB1E9 /* DeliveryViewModelTest.swift */,
			);
			path = ViewModelTest;
			sourceTree = "<group>";
		};
		6122967822DC370200BCB1E9 /* ViewControllerTest */ = {
			isa = PBXGroup;
			children = (
				6122967922DC3C1700BCB1E9 /* DeliveryListViewControllerTest.swift */,
				6122967B22DC3C4E00BCB1E9 /* DeliveryDetailViewControllerTest.swift */,
			);
			path = ViewControllerTest;
			sourceTree = "<group>";
		};
		61625A7822D9B3FF0030658B /* Manager */ = {
			isa = PBXGroup;
			children = (
				61625A8222D9EFAD0030658B /* DatabaseManager */,
				61625A8122D9EF830030658B /* NetworkManager */,
			);
			path = Manager;
			sourceTree = "<group>";
		};
		61625A7B22D9B8180030658B /* Common */ = {
			isa = PBXGroup;
			children = (
				61F94B4622D45DB00069E7FE /* AppDelegate.swift */,
				61625A9622DAFDFE0030658B /* AppNavigationController.swift */,
				6122968B22DCE93100BCB1E9 /* NotificationBanner.swift */,
			);
			path = Common;
			sourceTree = "<group>";
		};
		61625A7C22D9B8570030658B /* Constent */ = {
			isa = PBXGroup;
			children = (
				61F94B6F22D45E440069E7FE /* Constant.swift */,
			);
			path = Constent;
			sourceTree = "<group>";
		};
		61625A8122D9EF830030658B /* NetworkManager */ = {
			isa = PBXGroup;
			children = (
				61625A7922D9B48C0030658B /* APIService.swift */,
				61625A7F22D9BFCF0030658B /* APIServiceManager.swift */,
			);
			path = NetworkManager;
			sourceTree = "<group>";
		};
		61625A8222D9EFAD0030658B /* DatabaseManager */ = {
			isa = PBXGroup;
			children = (
				61F94BF922D465100069E7FE /* CoreDataStack.swift */,
				61625A8322D9EFF30030658B /* CoreDataManager.swift */,
			);
			path = DatabaseManager;
			sourceTree = "<group>";
		};
		61A0184F22D5D87300403520 /* Configuration */ = {
			isa = PBXGroup;
			children = (
				61625A7D22D9BAC30030658B /* Configuration.swift */,
				61F94B5522D45DB10069E7FE /* Info.plist */,
				61F94C0B22D467D30069E7FE /* GoogleService-Info.plist */,
			);
			path = Configuration;
			sourceTree = "<group>";
		};
		61F94B3A22D45DB00069E7FE = {
			isa = PBXGroup;
			children = (
				61A0185822D5F10800403520 /* README.md */,
				61F94B4522D45DB00069E7FE /* DeliveryApp */,
				61F94B5D22D45DB10069E7FE /* DeliveryAppTests */,
				61F94B4422D45DB00069E7FE /* Products */,
				5AE707CD9EC50918FD59E97F /* Pods */,
				586B1FB18F07DEBCB25D0C5F /* Frameworks */,
			);
			sourceTree = "<group>";
		};
		61F94B4422D45DB00069E7FE /* Products */ = {
			isa = PBXGroup;
			children = (
				61F94B4322D45DB00069E7FE /* DeliveryApp.app */,
				61F94B5A22D45DB10069E7FE /* DeliveryAppTests.xctest */,
			);
			name = Products;
			sourceTree = "<group>";
		};
		61F94B4522D45DB00069E7FE /* DeliveryApp */ = {
			isa = PBXGroup;
			children = (
				61625A7B22D9B8180030658B /* Common */,
				61A0184F22D5D87300403520 /* Configuration */,
				61625A7C22D9B8570030658B /* Constent */,
				61F94B6922D45DC30069E7FE /* Extension */,
				61625A7822D9B3FF0030658B /* Manager */,
				61F94B6B22D45DD90069E7FE /* Model */,
				61F94B6A22D45DCD0069E7FE /* Resource */,
				61F94B6C22D45DDF0069E7FE /* View */,
				61F94B6D22D45DE70069E7FE /* ViewModel */,
			);
			path = DeliveryApp;
			sourceTree = "<group>";
		};
		61F94B5D22D45DB10069E7FE /* DeliveryAppTests */ = {
			isa = PBXGroup;
			children = (
				6122967422DBA80900BCB1E9 /* Configuration */,
				61F94B5E22D45DB10069E7FE /* DeliveryAppTests.swift */,
				6122967622DC36E300BCB1E9 /* ManagerTest */,
				6122967522DBA88E00BCB1E9 /* Resource */,
				6122967822DC370200BCB1E9 /* ViewControllerTest */,
				6122967722DC36EE00BCB1E9 /* ViewModelTest */,
			);
			path = DeliveryAppTests;
			sourceTree = "<group>";
		};
		61F94B6922D45DC30069E7FE /* Extension */ = {
			isa = PBXGroup;
			children = (
				61625A9022DA35520030658B /* UIViewExtension.swift */,
				61F94BFC22D4663E0069E7FE /* UIImageViewExtension.swift */,
				6122968522DC599A00BCB1E9 /* UIMapViewExtension.swift */,
				61C2B1BE22EB0E4D00821023 /* CodingUserInfoKeyExtension.swift */,
			);
			path = Extension;
			sourceTree = "<group>";
		};
		61F94B6A22D45DCD0069E7FE /* Resource */ = {
			isa = PBXGroup;
			children = (
				61F94B5222D45DB10069E7FE /* LaunchScreen.storyboard */,
				61D1496F22D48D88001FB759 /* Localizable.strings */,
				61F94B5022D45DB10069E7FE /* Assets.xcassets */,
				61F94B4D22D45DB00069E7FE /* DeliveryApp.xcdatamodeld */,
			);
			path = Resource;
			sourceTree = "<group>";
		};
		61F94B6B22D45DD90069E7FE /* Model */ = {
			isa = PBXGroup;
			children = (
				61C2B1BA22EB016200821023 /* DeliveryItem.swift */,
				61C2B1BB22EB016200821023 /* LocationItem.swift */,
			);
			path = Model;
			sourceTree = "<group>";
		};
		61F94B6C22D45DDF0069E7FE /* View */ = {
			isa = PBXGroup;
			children = (
				61A0185622D5E43700403520 /* DeliveryTableViewCell.swift */,
				61F94C0222D466570069E7FE /* DeliveryListViewController.swift */,
				61625A9422DA4A7C0030658B /* DeliveryItemView.swift */,
				61A0185422D5E42E00403520 /* DeliveryDetailViewController.swift */,
			);
			path = View;
			sourceTree = "<group>";
		};
		61F94B6D22D45DE70069E7FE /* ViewModel */ = {
			isa = PBXGroup;
			children = (
				61F94C0722D4666F0069E7FE /* DeliveryListViewModel.swift */,
				61F94C0822D4666F0069E7FE /* DeliveryViewModel.swift */,
			);
			path = ViewModel;
			sourceTree = "<group>";
		};
/* End PBXGroup section */

/* Begin PBXNativeTarget section */
		61F94B4222D45DB00069E7FE /* DeliveryApp */ = {
			isa = PBXNativeTarget;
			buildConfigurationList = 61F94B6322D45DB10069E7FE /* Build configuration list for PBXNativeTarget "DeliveryApp" */;
			buildPhases = (
				F5A23AF20A8110398A6765A9 /* [CP] Check Pods Manifest.lock */,
				61F94B3F22D45DB00069E7FE /* Sources */,
				61F94B4022D45DB00069E7FE /* Frameworks */,
				61F94B4122D45DB00069E7FE /* Resources */,
				85FCB5B70C8557B262A210E6 /* [CP] Embed Pods Frameworks */,
				61F94C0D22D4681F0069E7FE /* SwiftLint Script */,
				61F94C0E22D468570069E7FE /* Crashlytics Script */,
			);
			buildRules = (
			);
			dependencies = (
			);
			name = DeliveryApp;
			productName = DeliveryApp;
			productReference = 61F94B4322D45DB00069E7FE /* DeliveryApp.app */;
			productType = "com.apple.product-type.application";
		};
		61F94B5922D45DB10069E7FE /* DeliveryAppTests */ = {
			isa = PBXNativeTarget;
			buildConfigurationList = 61F94B6622D45DB10069E7FE /* Build configuration list for PBXNativeTarget "DeliveryAppTests" */;
			buildPhases = (
				6AD2E55D642C2909DC01677C /* [CP] Check Pods Manifest.lock */,
				61F94B5622D45DB10069E7FE /* Sources */,
				61F94B5722D45DB10069E7FE /* Frameworks */,
				61F94B5822D45DB10069E7FE /* Resources */,
				0D6BDEFA68418710E3E9704D /* [CP] Embed Pods Frameworks */,
			);
			buildRules = (
			);
			dependencies = (
				61F94B5C22D45DB10069E7FE /* PBXTargetDependency */,
			);
			name = DeliveryAppTests;
			productName = DeliveryAppTests;
			productReference = 61F94B5A22D45DB10069E7FE /* DeliveryAppTests.xctest */;
			productType = "com.apple.product-type.bundle.unit-test";
		};
/* End PBXNativeTarget section */

/* Begin PBXProject section */
		61F94B3B22D45DB00069E7FE /* Project object */ = {
			isa = PBXProject;
			attributes = {
				LastSwiftUpdateCheck = 1020;
				LastUpgradeCheck = 1020;
				ORGANIZATIONNAME = abhisheksingh03;
				TargetAttributes = {
					61F94B4222D45DB00069E7FE = {
						CreatedOnToolsVersion = 10.2.1;
					};
					61F94B5922D45DB10069E7FE = {
						CreatedOnToolsVersion = 10.2.1;
						TestTargetID = 61F94B4222D45DB00069E7FE;
					};
				};
			};
			buildConfigurationList = 61F94B3E22D45DB00069E7FE /* Build configuration list for PBXProject "DeliveryApp" */;
			compatibilityVersion = "Xcode 9.3";
			developmentRegion = en;
			hasScannedForEncodings = 0;
			knownRegions = (
				en,
				Base,
			);
			mainGroup = 61F94B3A22D45DB00069E7FE;
			productRefGroup = 61F94B4422D45DB00069E7FE /* Products */;
			projectDirPath = "";
			projectRoot = "";
			targets = (
				61F94B4222D45DB00069E7FE /* DeliveryApp */,
				61F94B5922D45DB10069E7FE /* DeliveryAppTests */,
			);
		};
/* End PBXProject section */

/* Begin PBXResourcesBuildPhase section */
		61F94B4122D45DB00069E7FE /* Resources */ = {
			isa = PBXResourcesBuildPhase;
			buildActionMask = 2147483647;
			files = (
				61F94B5422D45DB10069E7FE /* LaunchScreen.storyboard in Resources */,
				61D1496D22D48D88001FB759 /* Localizable.strings in Resources */,
				61A0185922D5F10900403520 /* README.md in Resources */,
				61F94B5122D45DB10069E7FE /* Assets.xcassets in Resources */,
				61F94C0C22D467D30069E7FE /* GoogleService-Info.plist in Resources */,
			);
			runOnlyForDeploymentPostprocessing = 0;
		};
		61F94B5822D45DB10069E7FE /* Resources */ = {
			isa = PBXResourcesBuildPhase;
			buildActionMask = 2147483647;
			files = (
				61A0184E22D523E300403520 /* SuccessResponse.json in Resources */,
				61A0184D22D523E300403520 /* ErrorResponse.json in Resources */,
			);
			runOnlyForDeploymentPostprocessing = 0;
		};
/* End PBXResourcesBuildPhase section */

/* Begin PBXShellScriptBuildPhase section */
		0D6BDEFA68418710E3E9704D /* [CP] Embed Pods Frameworks */ = {
			isa = PBXShellScriptBuildPhase;
			buildActionMask = 2147483647;
			files = (
			);
			inputFileListPaths = (
				"${PODS_ROOT}/Target Support Files/Pods-DeliveryAppTests/Pods-DeliveryAppTests-frameworks-${CONFIGURATION}-input-files.xcfilelist",
			);
			name = "[CP] Embed Pods Frameworks";
			outputFileListPaths = (
				"${PODS_ROOT}/Target Support Files/Pods-DeliveryAppTests/Pods-DeliveryAppTests-frameworks-${CONFIGURATION}-output-files.xcfilelist",
			);
			runOnlyForDeploymentPostprocessing = 0;
			shellPath = /bin/sh;
			shellScript = "\"${PODS_ROOT}/Target Support Files/Pods-DeliveryAppTests/Pods-DeliveryAppTests-frameworks.sh\"\n";
			showEnvVarsInLog = 0;
		};
		61F94C0D22D4681F0069E7FE /* SwiftLint Script */ = {
			isa = PBXShellScriptBuildPhase;
			buildActionMask = 2147483647;
			files = (
			);
			inputFileListPaths = (
			);
			inputPaths = (
			);
			name = "SwiftLint Script";
			outputFileListPaths = (
			);
			outputPaths = (
			);
			runOnlyForDeploymentPostprocessing = 0;
			shellPath = /bin/sh;
			shellScript = "# Type a script or drag a script file from your workspace to insert its path.\n\"${PODS_ROOT}/SwiftLint/swiftlint\"\n";
		};
		61F94C0E22D468570069E7FE /* Crashlytics Script */ = {
			isa = PBXShellScriptBuildPhase;
			buildActionMask = 2147483647;
			files = (
			);
			inputFileListPaths = (
			);
			inputPaths = (
				"$(SRCROOT)/$(BUILT_PRODUCTS_DIR)/$(INFOPLIST_PATH)",
			);
			name = "Crashlytics Script";
			outputFileListPaths = (
			);
			outputPaths = (
			);
			runOnlyForDeploymentPostprocessing = 0;
			shellPath = /bin/sh;
			shellScript = "# Type a script or drag a script file from your workspace to insert its path.\n\"${PODS_ROOT}/Fabric/run\"\n";
		};
		6AD2E55D642C2909DC01677C /* [CP] Check Pods Manifest.lock */ = {
			isa = PBXShellScriptBuildPhase;
			buildActionMask = 2147483647;
			files = (
			);
			inputFileListPaths = (
			);
			inputPaths = (
				"${PODS_PODFILE_DIR_PATH}/Podfile.lock",
				"${PODS_ROOT}/Manifest.lock",
			);
			name = "[CP] Check Pods Manifest.lock";
			outputFileListPaths = (
			);
			outputPaths = (
				"$(DERIVED_FILE_DIR)/Pods-DeliveryAppTests-checkManifestLockResult.txt",
			);
			runOnlyForDeploymentPostprocessing = 0;
			shellPath = /bin/sh;
			shellScript = "diff \"${PODS_PODFILE_DIR_PATH}/Podfile.lock\" \"${PODS_ROOT}/Manifest.lock\" > /dev/null\nif [ $? != 0 ] ; then\n    # print error to STDERR\n    echo \"error: The sandbox is not in sync with the Podfile.lock. Run 'pod install' or update your CocoaPods installation.\" >&2\n    exit 1\nfi\n# This output is used by Xcode 'outputs' to avoid re-running this script phase.\necho \"SUCCESS\" > \"${SCRIPT_OUTPUT_FILE_0}\"\n";
			showEnvVarsInLog = 0;
		};
		85FCB5B70C8557B262A210E6 /* [CP] Embed Pods Frameworks */ = {
			isa = PBXShellScriptBuildPhase;
			buildActionMask = 2147483647;
			files = (
			);
			inputFileListPaths = (
				"${PODS_ROOT}/Target Support Files/Pods-DeliveryApp/Pods-DeliveryApp-frameworks-${CONFIGURATION}-input-files.xcfilelist",
			);
			name = "[CP] Embed Pods Frameworks";
			outputFileListPaths = (
				"${PODS_ROOT}/Target Support Files/Pods-DeliveryApp/Pods-DeliveryApp-frameworks-${CONFIGURATION}-output-files.xcfilelist",
			);
			runOnlyForDeploymentPostprocessing = 0;
			shellPath = /bin/sh;
			shellScript = "\"${PODS_ROOT}/Target Support Files/Pods-DeliveryApp/Pods-DeliveryApp-frameworks.sh\"\n";
			showEnvVarsInLog = 0;
		};
		F5A23AF20A8110398A6765A9 /* [CP] Check Pods Manifest.lock */ = {
			isa = PBXShellScriptBuildPhase;
			buildActionMask = 2147483647;
			files = (
			);
			inputFileListPaths = (
			);
			inputPaths = (
				"${PODS_PODFILE_DIR_PATH}/Podfile.lock",
				"${PODS_ROOT}/Manifest.lock",
			);
			name = "[CP] Check Pods Manifest.lock";
			outputFileListPaths = (
			);
			outputPaths = (
				"$(DERIVED_FILE_DIR)/Pods-DeliveryApp-checkManifestLockResult.txt",
			);
			runOnlyForDeploymentPostprocessing = 0;
			shellPath = /bin/sh;
			shellScript = "diff \"${PODS_PODFILE_DIR_PATH}/Podfile.lock\" \"${PODS_ROOT}/Manifest.lock\" > /dev/null\nif [ $? != 0 ] ; then\n    # print error to STDERR\n    echo \"error: The sandbox is not in sync with the Podfile.lock. Run 'pod install' or update your CocoaPods installation.\" >&2\n    exit 1\nfi\n# This output is used by Xcode 'outputs' to avoid re-running this script phase.\necho \"SUCCESS\" > \"${SCRIPT_OUTPUT_FILE_0}\"\n";
			showEnvVarsInLog = 0;
		};
/* End PBXShellScriptBuildPhase section */

/* Begin PBXSourcesBuildPhase section */
		61F94B3F22D45DB00069E7FE /* Sources */ = {
			isa = PBXSourcesBuildPhase;
			buildActionMask = 2147483647;
			files = (
				61F94C0522D466570069E7FE /* DeliveryListViewController.swift in Sources */,
				61625A9522DA4A7C0030658B /* DeliveryItemView.swift in Sources */,
				61A0185522D5E42E00403520 /* DeliveryDetailViewController.swift in Sources */,
				6122968622DC599A00BCB1E9 /* UIMapViewExtension.swift in Sources */,
				6122968C22DCE93100BCB1E9 /* NotificationBanner.swift in Sources */,
				61C2B1BD22EB016200821023 /* LocationItem.swift in Sources */,
				61625A9122DA35520030658B /* UIViewExtension.swift in Sources */,
				61625A7E22D9BAC30030658B /* Configuration.swift in Sources */,
				61C2B1BF22EB0E4D00821023 /* CodingUserInfoKeyExtension.swift in Sources */,
				61F94C0A22D4666F0069E7FE /* DeliveryViewModel.swift in Sources */,
				61625A9722DAFDFE0030658B /* AppNavigationController.swift in Sources */,
				61F94BFE22D4663E0069E7FE /* UIImageViewExtension.swift in Sources */,
				61A0185722D5E43700403520 /* DeliveryTableViewCell.swift in Sources */,
				61625A8022D9BFCF0030658B /* APIServiceManager.swift in Sources */,
				61F94B4F22D45DB00069E7FE /* DeliveryApp.xcdatamodeld in Sources */,
				61F94BFB22D465100069E7FE /* CoreDataStack.swift in Sources */,
				61F94C0922D4666F0069E7FE /* DeliveryListViewModel.swift in Sources */,
				61C2B1BC22EB016200821023 /* DeliveryItem.swift in Sources */,
				61F94B4722D45DB00069E7FE /* AppDelegate.swift in Sources */,
				61F94B7322D45E440069E7FE /* Constant.swift in Sources */,
				61625A7A22D9B48C0030658B /* APIService.swift in Sources */,
				61625A8422D9EFF30030658B /* CoreDataManager.swift in Sources */,
			);
			runOnlyForDeploymentPostprocessing = 0;
		};
		61F94B5622D45DB10069E7FE /* Sources */ = {
			isa = PBXSourcesBuildPhase;
			buildActionMask = 2147483647;
			files = (
				6122968A22DC734C00BCB1E9 /* MockAPIServiceManager.swift in Sources */,
				6122968222DC3DBC00BCB1E9 /* DatabaseManagerTest.swift in Sources */,
				6122967A22DC3C1700BCB1E9 /* DeliveryListViewControllerTest.swift in Sources */,
				6122967C22DC3C4E00BCB1E9 /* DeliveryDetailViewControllerTest.swift in Sources */,
				6122968422DC3DCD00BCB1E9 /* NetworkManagerTest.swift in Sources */,
				6122968822DC733600BCB1E9 /* MockCoreDataManager.swift in Sources */,
				6122967E22DC3D1700BCB1E9 /* DeliveryListViewModelTest.swift in Sources */,
				6122968022DC3D2D00BCB1E9 /* DeliveryViewModelTest.swift in Sources */,
				61F94B5F22D45DB10069E7FE /* DeliveryAppTests.swift in Sources */,
			);
			runOnlyForDeploymentPostprocessing = 0;
		};
/* End PBXSourcesBuildPhase section */

/* Begin PBXTargetDependency section */
		61F94B5C22D45DB10069E7FE /* PBXTargetDependency */ = {
			isa = PBXTargetDependency;
			target = 61F94B4222D45DB00069E7FE /* DeliveryApp */;
			targetProxy = 61F94B5B22D45DB10069E7FE /* PBXContainerItemProxy */;
		};
/* End PBXTargetDependency section */

/* Begin PBXVariantGroup section */
		61D1496F22D48D88001FB759 /* Localizable.strings */ = {
			isa = PBXVariantGroup;
			children = (
				61D1496E22D48D88001FB759 /* en */,
			);
			name = Localizable.strings;
			sourceTree = "<group>";
		};
		61F94B5222D45DB10069E7FE /* LaunchScreen.storyboard */ = {
			isa = PBXVariantGroup;
			children = (
				61F94B5322D45DB10069E7FE /* Base */,
			);
			name = LaunchScreen.storyboard;
			sourceTree = "<group>";
		};
/* End PBXVariantGroup section */

/* Begin XCBuildConfiguration section */
		61F94B6122D45DB10069E7FE /* Debug */ = {
			isa = XCBuildConfiguration;
			buildSettings = {
				ALWAYS_SEARCH_USER_PATHS = NO;
				CLANG_ANALYZER_NONNULL = YES;
				CLANG_ANALYZER_NUMBER_OBJECT_CONVERSION = YES_AGGRESSIVE;
				CLANG_CXX_LANGUAGE_STANDARD = "gnu++14";
				CLANG_CXX_LIBRARY = "libc++";
				CLANG_ENABLE_MODULES = YES;
				CLANG_ENABLE_OBJC_ARC = YES;
				CLANG_ENABLE_OBJC_WEAK = YES;
				CLANG_WARN_BLOCK_CAPTURE_AUTORELEASING = YES;
				CLANG_WARN_BOOL_CONVERSION = YES;
				CLANG_WARN_COMMA = YES;
				CLANG_WARN_CONSTANT_CONVERSION = YES;
				CLANG_WARN_DEPRECATED_OBJC_IMPLEMENTATIONS = YES;
				CLANG_WARN_DIRECT_OBJC_ISA_USAGE = YES_ERROR;
				CLANG_WARN_DOCUMENTATION_COMMENTS = YES;
				CLANG_WARN_EMPTY_BODY = YES;
				CLANG_WARN_ENUM_CONVERSION = YES;
				CLANG_WARN_INFINITE_RECURSION = YES;
				CLANG_WARN_INT_CONVERSION = YES;
				CLANG_WARN_NON_LITERAL_NULL_CONVERSION = YES;
				CLANG_WARN_OBJC_IMPLICIT_RETAIN_SELF = YES;
				CLANG_WARN_OBJC_LITERAL_CONVERSION = YES;
				CLANG_WARN_OBJC_ROOT_CLASS = YES_ERROR;
				CLANG_WARN_RANGE_LOOP_ANALYSIS = YES;
				CLANG_WARN_STRICT_PROTOTYPES = YES;
				CLANG_WARN_SUSPICIOUS_MOVE = YES;
				CLANG_WARN_UNGUARDED_AVAILABILITY = YES_AGGRESSIVE;
				CLANG_WARN_UNREACHABLE_CODE = YES;
				CLANG_WARN__DUPLICATE_METHOD_MATCH = YES;
				CODE_SIGN_IDENTITY = "iPhone Developer";
				COPY_PHASE_STRIP = NO;
				DEBUG_INFORMATION_FORMAT = dwarf;
				ENABLE_STRICT_OBJC_MSGSEND = YES;
				ENABLE_TESTABILITY = YES;
				GCC_C_LANGUAGE_STANDARD = gnu11;
				GCC_DYNAMIC_NO_PIC = NO;
				GCC_NO_COMMON_BLOCKS = YES;
				GCC_OPTIMIZATION_LEVEL = 0;
				GCC_PREPROCESSOR_DEFINITIONS = (
					"DEBUG=1",
					"$(inherited)",
				);
				GCC_WARN_64_TO_32_BIT_CONVERSION = YES;
				GCC_WARN_ABOUT_RETURN_TYPE = YES_ERROR;
				GCC_WARN_UNDECLARED_SELECTOR = YES;
				GCC_WARN_UNINITIALIZED_AUTOS = YES_AGGRESSIVE;
				GCC_WARN_UNUSED_FUNCTION = YES;
				GCC_WARN_UNUSED_VARIABLE = YES;
				IPHONEOS_DEPLOYMENT_TARGET = 12.2;
				MTL_ENABLE_DEBUG_INFO = INCLUDE_SOURCE;
				MTL_FAST_MATH = YES;
				ONLY_ACTIVE_ARCH = YES;
				SDKROOT = iphoneos;
				SWIFT_ACTIVE_COMPILATION_CONDITIONS = DEBUG;
				SWIFT_OPTIMIZATION_LEVEL = "-Onone";
			};
			name = Debug;
		};
		61F94B6222D45DB10069E7FE /* Release */ = {
			isa = XCBuildConfiguration;
			buildSettings = {
				ALWAYS_SEARCH_USER_PATHS = NO;
				CLANG_ANALYZER_NONNULL = YES;
				CLANG_ANALYZER_NUMBER_OBJECT_CONVERSION = YES_AGGRESSIVE;
				CLANG_CXX_LANGUAGE_STANDARD = "gnu++14";
				CLANG_CXX_LIBRARY = "libc++";
				CLANG_ENABLE_MODULES = YES;
				CLANG_ENABLE_OBJC_ARC = YES;
				CLANG_ENABLE_OBJC_WEAK = YES;
				CLANG_WARN_BLOCK_CAPTURE_AUTORELEASING = YES;
				CLANG_WARN_BOOL_CONVERSION = YES;
				CLANG_WARN_COMMA = YES;
				CLANG_WARN_CONSTANT_CONVERSION = YES;
				CLANG_WARN_DEPRECATED_OBJC_IMPLEMENTATIONS = YES;
				CLANG_WARN_DIRECT_OBJC_ISA_USAGE = YES_ERROR;
				CLANG_WARN_DOCUMENTATION_COMMENTS = YES;
				CLANG_WARN_EMPTY_BODY = YES;
				CLANG_WARN_ENUM_CONVERSION = YES;
				CLANG_WARN_INFINITE_RECURSION = YES;
				CLANG_WARN_INT_CONVERSION = YES;
				CLANG_WARN_NON_LITERAL_NULL_CONVERSION = YES;
				CLANG_WARN_OBJC_IMPLICIT_RETAIN_SELF = YES;
				CLANG_WARN_OBJC_LITERAL_CONVERSION = YES;
				CLANG_WARN_OBJC_ROOT_CLASS = YES_ERROR;
				CLANG_WARN_RANGE_LOOP_ANALYSIS = YES;
				CLANG_WARN_STRICT_PROTOTYPES = YES;
				CLANG_WARN_SUSPICIOUS_MOVE = YES;
				CLANG_WARN_UNGUARDED_AVAILABILITY = YES_AGGRESSIVE;
				CLANG_WARN_UNREACHABLE_CODE = YES;
				CLANG_WARN__DUPLICATE_METHOD_MATCH = YES;
				CODE_SIGN_IDENTITY = "iPhone Developer";
				COPY_PHASE_STRIP = NO;
				DEBUG_INFORMATION_FORMAT = "dwarf-with-dsym";
				ENABLE_NS_ASSERTIONS = NO;
				ENABLE_STRICT_OBJC_MSGSEND = YES;
				GCC_C_LANGUAGE_STANDARD = gnu11;
				GCC_NO_COMMON_BLOCKS = YES;
				GCC_WARN_64_TO_32_BIT_CONVERSION = YES;
				GCC_WARN_ABOUT_RETURN_TYPE = YES_ERROR;
				GCC_WARN_UNDECLARED_SELECTOR = YES;
				GCC_WARN_UNINITIALIZED_AUTOS = YES_AGGRESSIVE;
				GCC_WARN_UNUSED_FUNCTION = YES;
				GCC_WARN_UNUSED_VARIABLE = YES;
				IPHONEOS_DEPLOYMENT_TARGET = 12.2;
				MTL_ENABLE_DEBUG_INFO = NO;
				MTL_FAST_MATH = YES;
				SDKROOT = iphoneos;
				SWIFT_COMPILATION_MODE = wholemodule;
				SWIFT_OPTIMIZATION_LEVEL = "-O";
				VALIDATE_PRODUCT = YES;
			};
			name = Release;
		};
		61F94B6422D45DB10069E7FE /* Debug */ = {
			isa = XCBuildConfiguration;
			baseConfigurationReference = D1493BA4CBD108AC150DA4D2 /* Pods-DeliveryApp.debug.xcconfig */;
			buildSettings = {
				ALWAYS_EMBED_SWIFT_STANDARD_LIBRARIES = "$(inherited)";
				ASSETCATALOG_COMPILER_APPICON_NAME = AppIcon;
				CODE_SIGN_STYLE = Automatic;
				DEBUG_INFORMATION_FORMAT = "dwarf-with-dsym";
				INFOPLIST_FILE = DeliveryApp/Configuration/Info.plist;
				LD_RUNPATH_SEARCH_PATHS = (
					"$(inherited)",
					"@executable_path/Frameworks",
				);
				OTHER_SWIFT_FLAGS = "$(inherited) -DDEVELOPMENT";
				PRODUCT_BUNDLE_IDENTIFIER = nagarro.DeliveryApp;
				PRODUCT_NAME = "$(TARGET_NAME)";
				SWIFT_VERSION = 5.0;
				TARGETED_DEVICE_FAMILY = "1,2";
			};
			name = Debug;
		};
		61F94B6522D45DB10069E7FE /* Release */ = {
			isa = XCBuildConfiguration;
			baseConfigurationReference = DC5B1B6910C8FE88D721C60A /* Pods-DeliveryApp.release.xcconfig */;
			buildSettings = {
				ALWAYS_EMBED_SWIFT_STANDARD_LIBRARIES = "$(inherited)";
				ASSETCATALOG_COMPILER_APPICON_NAME = AppIcon;
				CODE_SIGN_STYLE = Automatic;
				INFOPLIST_FILE = DeliveryApp/Configuration/Info.plist;
				LD_RUNPATH_SEARCH_PATHS = (
					"$(inherited)",
					"@executable_path/Frameworks",
				);
				OTHER_SWIFT_FLAGS = "$(inherited) -DDEVELOPMENT";
				PRODUCT_BUNDLE_IDENTIFIER = nagarro.DeliveryApp;
				PRODUCT_NAME = "$(TARGET_NAME)";
				SWIFT_VERSION = 5.0;
				TARGETED_DEVICE_FAMILY = "1,2";
			};
			name = Release;
		};
		61F94B6722D45DB10069E7FE /* Debug */ = {
			isa = XCBuildConfiguration;
			baseConfigurationReference = D1B5D973B6A97B4B71692C92 /* Pods-DeliveryAppTests.debug.xcconfig */;
			buildSettings = {
				ALWAYS_EMBED_SWIFT_STANDARD_LIBRARIES = "$(inherited)";
				BUNDLE_LOADER = "$(TEST_HOST)";
				CODE_SIGN_STYLE = Automatic;
				INFOPLIST_FILE = DeliveryAppTests/Configuration/Info.plist;
				LD_RUNPATH_SEARCH_PATHS = (
					"$(inherited)",
					"@executable_path/Frameworks",
					"@loader_path/Frameworks",
				);
				LIBRARY_SEARCH_PATHS = "$(inherited)";
				PRODUCT_BUNDLE_IDENTIFIER = nagarro.DeliveryAppTests;
				PRODUCT_NAME = "$(TARGET_NAME)";
				SWIFT_VERSION = 5.0;
				TARGETED_DEVICE_FAMILY = "1,2";
				TEST_HOST = "$(BUILT_PRODUCTS_DIR)/DeliveryApp.app/DeliveryApp";
			};
			name = Debug;
		};
		61F94B6822D45DB10069E7FE /* Release */ = {
			isa = XCBuildConfiguration;
			baseConfigurationReference = C8E87A9A7B9F783D4BEFA37C /* Pods-DeliveryAppTests.release.xcconfig */;
			buildSettings = {
				ALWAYS_EMBED_SWIFT_STANDARD_LIBRARIES = "$(inherited)";
				BUNDLE_LOADER = "$(TEST_HOST)";
				CODE_SIGN_STYLE = Automatic;
				INFOPLIST_FILE = DeliveryAppTests/Configuration/Info.plist;
				LD_RUNPATH_SEARCH_PATHS = (
					"$(inherited)",
					"@executable_path/Frameworks",
					"@loader_path/Frameworks",
				);
				LIBRARY_SEARCH_PATHS = "$(inherited)";
				PRODUCT_BUNDLE_IDENTIFIER = nagarro.DeliveryAppTests;
				PRODUCT_NAME = "$(TARGET_NAME)";
				SWIFT_VERSION = 5.0;
				TARGETED_DEVICE_FAMILY = "1,2";
				TEST_HOST = "$(BUILT_PRODUCTS_DIR)/DeliveryApp.app/DeliveryApp";
			};
			name = Release;
		};
/* End XCBuildConfiguration section */

/* Begin XCConfigurationList section */
		61F94B3E22D45DB00069E7FE /* Build configuration list for PBXProject "DeliveryApp" */ = {
			isa = XCConfigurationList;
			buildConfigurations = (
				61F94B6122D45DB10069E7FE /* Debug */,
				61F94B6222D45DB10069E7FE /* Release */,
			);
			defaultConfigurationIsVisible = 0;
			defaultConfigurationName = Release;
		};
		61F94B6322D45DB10069E7FE /* Build configuration list for PBXNativeTarget "DeliveryApp" */ = {
			isa = XCConfigurationList;
			buildConfigurations = (
				61F94B6422D45DB10069E7FE /* Debug */,
				61F94B6522D45DB10069E7FE /* Release */,
			);
			defaultConfigurationIsVisible = 0;
			defaultConfigurationName = Release;
		};
		61F94B6622D45DB10069E7FE /* Build configuration list for PBXNativeTarget "DeliveryAppTests" */ = {
			isa = XCConfigurationList;
			buildConfigurations = (
				61F94B6722D45DB10069E7FE /* Debug */,
				61F94B6822D45DB10069E7FE /* Release */,
			);
			defaultConfigurationIsVisible = 0;
			defaultConfigurationName = Release;
		};
/* End XCConfigurationList section */

/* Begin XCVersionGroup section */
		61F94B4D22D45DB00069E7FE /* DeliveryApp.xcdatamodeld */ = {
			isa = XCVersionGroup;
			children = (
				61F94B4E22D45DB00069E7FE /* DeliveryApp.xcdatamodel */,
			);
			currentVersion = 61F94B4E22D45DB00069E7FE /* DeliveryApp.xcdatamodel */;
			path = DeliveryApp.xcdatamodeld;
			sourceTree = "<group>";
			versionGroupType = wrapper.xcdatamodel;
		};
/* End XCVersionGroup section */
	};
	rootObject = 61F94B3B22D45DB00069E7FE /* Project object */;
}
